
Microsoft Visual Studio Solution File, Format Version 12.00
# Visual Studio 14
VisualStudioVersion = 14.0.25420.1
MinimumVisualStudioVersion = 10.0.40219.1
Project("{FAE04EC0-301F-11D3-BF4B-00C04F79EFBC}") = "RiakTEF", "RiakTEF\RiakTEF.csproj", "{5E02A621-9078-4510-B99E-642E33A4E765}"
EndProject
Project("{FAE04EC0-301F-11D3-BF4B-00C04F79EFBC}") = "Tests", "Tests\Tests.csproj", "{E29B0FA2-CA27-406A-BFC2-BA81845F896E}"
EndProject
Global
	GlobalSection(SolutionConfigurationPlatforms) = preSolution
		Debug|Any CPU = Debug|Any CPU
		Release|Any CPU = Release|Any CPU
	EndGlobalSection
	GlobalSection(ProjectConfigurationPlatforms) = postSolution
		{5E02A621-9078-4510-B99E-642E33A4E765}.Debug|Any CPU.ActiveCfg = Debug|Any CPU
		{5E02A621-9078-4510-B99E-642E33A4E765}.Debug|Any CPU.Build.0 = Debug|Any CPU
		{5E02A621-9078-4510-B99E-642E33A4E765}.Release|Any CPU.ActiveCfg = Release|Any CPU
		{5E02A621-9078-4510-B99E-642E33A4E765}.Release|Any CPU.Build.0 = Release|Any CPU
		{E29B0FA2-CA27-406A-BFC2-BA81845F896E}.Debug|Any CPU.ActiveCfg = Debug|Any CPU
		{E29B0FA2-CA27-406A-BFC2-BA81845F896E}.Debug|Any CPU.Build.0 = Debug|Any CPU
		{E29B0FA2-CA27-406A-BFC2-BA81845F896E}.Release|Any CPU.ActiveCfg = Release|Any CPU
		{E29B0FA2-CA27-406A-BFC2-BA81845F896E}.Release|Any CPU.Build.0 = Release|Any CPU
	EndGlobalSection
	GlobalSection(SolutionProperties) = preSolution
		HideSolutionNode = FALSE
	EndGlobalSection
EndGlobal
